// !$*UTF8*$!
{
	archiveVersion = 1;
	classes = {
	};
	objectVersion = 55;
	objects = {

/* Begin PBXBuildFile section */
		43480AA8287C35A800E09BE2 /* APICallable.swift in Sources */ = {isa = PBXBuildFile; fileRef = 43480AA7287C35A800E09BE2 /* APICallable.swift */; };
		43480AAA287C369E00E09BE2 /* FeedsService.swift in Sources */ = {isa = PBXBuildFile; fileRef = 43480AA9287C369E00E09BE2 /* FeedsService.swift */; };
		43480AAD287C36F800E09BE2 /* FeedResponse.swift in Sources */ = {isa = PBXBuildFile; fileRef = 43480AAC287C36F800E09BE2 /* FeedResponse.swift */; };
		43480AAF287C37C300E09BE2 /* HTTPError.swift in Sources */ = {isa = PBXBuildFile; fileRef = 43480AAE287C37C300E09BE2 /* HTTPError.swift */; };
		43480AB1287C37ED00E09BE2 /* APITests.swift in Sources */ = {isa = PBXBuildFile; fileRef = 43480AB0287C37ED00E09BE2 /* APITests.swift */; };
		43480AB3287C3C0700E09BE2 /* HomeTests.swift in Sources */ = {isa = PBXBuildFile; fileRef = 43480AB2287C3C0700E09BE2 /* HomeTests.swift */; };
		43480AB7287C75B300E09BE2 /* FeedTableViewCell.swift in Sources */ = {isa = PBXBuildFile; fileRef = 43480AB5287C75B300E09BE2 /* FeedTableViewCell.swift */; };
		43480AB8287C75B300E09BE2 /* FeedTableViewCell.xib in Resources */ = {isa = PBXBuildFile; fileRef = 43480AB6287C75B300E09BE2 /* FeedTableViewCell.xib */; };
		43831CFE287C2F4C0024D16C /* AppDelegate.swift in Sources */ = {isa = PBXBuildFile; fileRef = 43831CFD287C2F4C0024D16C /* AppDelegate.swift */; };
		43831D00287C2F4C0024D16C /* SceneDelegate.swift in Sources */ = {isa = PBXBuildFile; fileRef = 43831CFF287C2F4C0024D16C /* SceneDelegate.swift */; };
		43831D07287C2F4F0024D16C /* Assets.xcassets in Resources */ = {isa = PBXBuildFile; fileRef = 43831D06287C2F4F0024D16C /* Assets.xcassets */; };
		43831D0A287C2F4F0024D16C /* LaunchScreen.storyboard in Resources */ = {isa = PBXBuildFile; fileRef = 43831D08287C2F4F0024D16C /* LaunchScreen.storyboard */; };
		43831D1F287C2F500024D16C /* NousUITests.swift in Sources */ = {isa = PBXBuildFile; fileRef = 43831D1E287C2F500024D16C /* NousUITests.swift */; };
		43831D21287C2F500024D16C /* NousUITestsLaunchTests.swift in Sources */ = {isa = PBXBuildFile; fileRef = 43831D20287C2F500024D16C /* NousUITestsLaunchTests.swift */; };
		43831D30287C30B90024D16C /* Nibbable.swift in Sources */ = {isa = PBXBuildFile; fileRef = 43831D2F287C30B90024D16C /* Nibbable.swift */; };
		43831D34287C31140024D16C /* HomeViewController.swift in Sources */ = {isa = PBXBuildFile; fileRef = 43831D32287C31140024D16C /* HomeViewController.swift */; };
		43831D35287C31140024D16C /* HomeViewController.xib in Resources */ = {isa = PBXBuildFile; fileRef = 43831D33287C31140024D16C /* HomeViewController.xib */; };
		43831D37287C314F0024D16C /* HomeViewModel.swift in Sources */ = {isa = PBXBuildFile; fileRef = 43831D36287C314F0024D16C /* HomeViewModel.swift */; };
		43831D39287C31680024D16C /* HomeModel.swift in Sources */ = {isa = PBXBuildFile; fileRef = 43831D38287C31680024D16C /* HomeModel.swift */; };
		43831D3D287C319C0024D16C /* HomeAssembly.swift in Sources */ = {isa = PBXBuildFile; fileRef = 43831D3C287C319C0024D16C /* HomeAssembly.swift */; };
/* End PBXBuildFile section */

/* Begin PBXContainerItemProxy section */
		43831D11287C2F500024D16C /* PBXContainerItemProxy */ = {
			isa = PBXContainerItemProxy;
			containerPortal = 43831CF2287C2F4C0024D16C /* Project object */;
			proxyType = 1;
			remoteGlobalIDString = 43831CF9287C2F4C0024D16C;
			remoteInfo = Nous;
		};
		43831D1B287C2F500024D16C /* PBXContainerItemProxy */ = {
			isa = PBXContainerItemProxy;
			containerPortal = 43831CF2287C2F4C0024D16C /* Project object */;
			proxyType = 1;
			remoteGlobalIDString = 43831CF9287C2F4C0024D16C;
			remoteInfo = Nous;
		};
/* End PBXContainerItemProxy section */

/* Begin PBXFileReference section */
		43480AA7287C35A800E09BE2 /* APICallable.swift */ = {isa = PBXFileReference; lastKnownFileType = sourcecode.swift; path = APICallable.swift; sourceTree = "<group>"; };
		43480AA9287C369E00E09BE2 /* FeedsService.swift */ = {isa = PBXFileReference; lastKnownFileType = sourcecode.swift; path = FeedsService.swift; sourceTree = "<group>"; };
		43480AAC287C36F800E09BE2 /* FeedResponse.swift */ = {isa = PBXFileReference; lastKnownFileType = sourcecode.swift; path = FeedResponse.swift; sourceTree = "<group>"; };
		43480AAE287C37C300E09BE2 /* HTTPError.swift */ = {isa = PBXFileReference; lastKnownFileType = sourcecode.swift; path = HTTPError.swift; sourceTree = "<group>"; };
		43480AB0287C37ED00E09BE2 /* APITests.swift */ = {isa = PBXFileReference; lastKnownFileType = sourcecode.swift; path = APITests.swift; sourceTree = "<group>"; };
		43480AB2287C3C0700E09BE2 /* HomeTests.swift */ = {isa = PBXFileReference; lastKnownFileType = sourcecode.swift; path = HomeTests.swift; sourceTree = "<group>"; };
		43480AB5287C75B300E09BE2 /* FeedTableViewCell.swift */ = {isa = PBXFileReference; lastKnownFileType = sourcecode.swift; path = FeedTableViewCell.swift; sourceTree = "<group>"; };
		43480AB6287C75B300E09BE2 /* FeedTableViewCell.xib */ = {isa = PBXFileReference; lastKnownFileType = file.xib; path = FeedTableViewCell.xib; sourceTree = "<group>"; };
		43831CFA287C2F4C0024D16C /* Nous.app */ = {isa = PBXFileReference; explicitFileType = wrapper.application; includeInIndex = 0; path = Nous.app; sourceTree = BUILT_PRODUCTS_DIR; };
		43831CFD287C2F4C0024D16C /* AppDelegate.swift */ = {isa = PBXFileReference; lastKnownFileType = sourcecode.swift; path = AppDelegate.swift; sourceTree = "<group>"; };
		43831CFF287C2F4C0024D16C /* SceneDelegate.swift */ = {isa = PBXFileReference; lastKnownFileType = sourcecode.swift; path = SceneDelegate.swift; sourceTree = "<group>"; };
		43831D06287C2F4F0024D16C /* Assets.xcassets */ = {isa = PBXFileReference; lastKnownFileType = folder.assetcatalog; path = Assets.xcassets; sourceTree = "<group>"; };
		43831D09287C2F4F0024D16C /* Base */ = {isa = PBXFileReference; lastKnownFileType = file.storyboard; name = Base; path = Base.lproj/LaunchScreen.storyboard; sourceTree = "<group>"; };
		43831D0B287C2F4F0024D16C /* Info.plist */ = {isa = PBXFileReference; lastKnownFileType = text.plist.xml; path = Info.plist; sourceTree = "<group>"; };
		43831D10287C2F500024D16C /* NousTests.xctest */ = {isa = PBXFileReference; explicitFileType = wrapper.cfbundle; includeInIndex = 0; path = NousTests.xctest; sourceTree = BUILT_PRODUCTS_DIR; };
		43831D1A287C2F500024D16C /* NousUITests.xctest */ = {isa = PBXFileReference; explicitFileType = wrapper.cfbundle; includeInIndex = 0; path = NousUITests.xctest; sourceTree = BUILT_PRODUCTS_DIR; };
		43831D1E287C2F500024D16C /* NousUITests.swift */ = {isa = PBXFileReference; lastKnownFileType = sourcecode.swift; path = NousUITests.swift; sourceTree = "<group>"; };
		43831D20287C2F500024D16C /* NousUITestsLaunchTests.swift */ = {isa = PBXFileReference; lastKnownFileType = sourcecode.swift; path = NousUITestsLaunchTests.swift; sourceTree = "<group>"; };
		43831D2F287C30B90024D16C /* Nibbable.swift */ = {isa = PBXFileReference; lastKnownFileType = sourcecode.swift; path = Nibbable.swift; sourceTree = "<group>"; };
		43831D32287C31140024D16C /* HomeViewController.swift */ = {isa = PBXFileReference; lastKnownFileType = sourcecode.swift; path = HomeViewController.swift; sourceTree = "<group>"; };
		43831D33287C31140024D16C /* HomeViewController.xib */ = {isa = PBXFileReference; lastKnownFileType = file.xib; path = HomeViewController.xib; sourceTree = "<group>"; };
		43831D36287C314F0024D16C /* HomeViewModel.swift */ = {isa = PBXFileReference; lastKnownFileType = sourcecode.swift; path = HomeViewModel.swift; sourceTree = "<group>"; };
		43831D38287C31680024D16C /* HomeModel.swift */ = {isa = PBXFileReference; lastKnownFileType = sourcecode.swift; path = HomeModel.swift; sourceTree = "<group>"; };
		43831D3C287C319C0024D16C /* HomeAssembly.swift */ = {isa = PBXFileReference; lastKnownFileType = sourcecode.swift; path = HomeAssembly.swift; sourceTree = "<group>"; };
/* End PBXFileReference section */

/* Begin PBXFrameworksBuildPhase section */
		43831CF7287C2F4C0024D16C /* Frameworks */ = {
			isa = PBXFrameworksBuildPhase;
			buildActionMask = 2147483647;
			files = (
			);
			runOnlyForDeploymentPostprocessing = 0;
		};
		43831D0D287C2F500024D16C /* Frameworks */ = {
			isa = PBXFrameworksBuildPhase;
			buildActionMask = 2147483647;
			files = (
			);
			runOnlyForDeploymentPostprocessing = 0;
		};
		43831D17287C2F500024D16C /* Frameworks */ = {
			isa = PBXFrameworksBuildPhase;
			buildActionMask = 2147483647;
			files = (
			);
			runOnlyForDeploymentPostprocessing = 0;
		};
/* End PBXFrameworksBuildPhase section */

/* Begin PBXGroup section */
		43480AA5287C358800E09BE2 /* Services */ = {
			isa = PBXGroup;
			children = (
				43480AA6287C359200E09BE2 /* Network */,
			);
			path = Services;
			sourceTree = "<group>";
		};
		43480AA6287C359200E09BE2 /* Network */ = {
			isa = PBXGroup;
			children = (
				43480AA7287C35A800E09BE2 /* APICallable.swift */,
				43480AA9287C369E00E09BE2 /* FeedsService.swift */,
			);
			path = Network;
			sourceTree = "<group>";
		};
		43480AAB287C36E700E09BE2 /* Models */ = {
			isa = PBXGroup;
			children = (
				43480AAC287C36F800E09BE2 /* FeedResponse.swift */,
				43480AAE287C37C300E09BE2 /* HTTPError.swift */,
			);
			path = Models;
			sourceTree = "<group>";
		};
		43480AB4287C759800E09BE2 /* Cell */ = {
			isa = PBXGroup;
			children = (
				43480AB5287C75B300E09BE2 /* FeedTableViewCell.swift */,
				43480AB6287C75B300E09BE2 /* FeedTableViewCell.xib */,
			);
			path = Cell;
			sourceTree = "<group>";
		};
		43831CF1287C2F4C0024D16C = {
			isa = PBXGroup;
			children = (
				43831CFC287C2F4C0024D16C /* Nous */,
				43831D13287C2F500024D16C /* NousTests */,
				43831D1D287C2F500024D16C /* NousUITests */,
				43831CFB287C2F4C0024D16C /* Products */,
			);
			sourceTree = "<group>";
		};
		43831CFB287C2F4C0024D16C /* Products */ = {
			isa = PBXGroup;
			children = (
				43831CFA287C2F4C0024D16C /* Nous.app */,
				43831D10287C2F500024D16C /* NousTests.xctest */,
				43831D1A287C2F500024D16C /* NousUITests.xctest */,
			);
			name = Products;
			sourceTree = "<group>";
		};
		43831CFC287C2F4C0024D16C /* Nous */ = {
			isa = PBXGroup;
			children = (
				43831D3A287C31890024D16C /* DI */,
				43831D2E287C30630024D16C /* Scenes */,
				43480AAB287C36E700E09BE2 /* Models */,
				43480AA5287C358800E09BE2 /* Services */,
				43831D2D287C305D0024D16C /* Common */,
				43831CFD287C2F4C0024D16C /* AppDelegate.swift */,
				43831CFF287C2F4C0024D16C /* SceneDelegate.swift */,
				43831D06287C2F4F0024D16C /* Assets.xcassets */,
				43831D08287C2F4F0024D16C /* LaunchScreen.storyboard */,
				43831D0B287C2F4F0024D16C /* Info.plist */,
			);
			path = Nous;
			sourceTree = "<group>";
		};
		43831D13287C2F500024D16C /* NousTests */ = {
			isa = PBXGroup;
			children = (
				43480AB0287C37ED00E09BE2 /* APITests.swift */,
				43480AB2287C3C0700E09BE2 /* HomeTests.swift */,
			);
			path = NousTests;
			sourceTree = "<group>";
		};
		43831D1D287C2F500024D16C /* NousUITests */ = {
			isa = PBXGroup;
			children = (
				43831D1E287C2F500024D16C /* NousUITests.swift */,
				43831D20287C2F500024D16C /* NousUITestsLaunchTests.swift */,
			);
			path = NousUITests;
			sourceTree = "<group>";
		};
		43831D2D287C305D0024D16C /* Common */ = {
			isa = PBXGroup;
			children = (
				43831D2F287C30B90024D16C /* Nibbable.swift */,
			);
			path = Common;
			sourceTree = "<group>";
		};
		43831D2E287C30630024D16C /* Scenes */ = {
			isa = PBXGroup;
			children = (
				43831D31287C30FE0024D16C /* Home */,
			);
			path = Scenes;
			sourceTree = "<group>";
		};
		43831D31287C30FE0024D16C /* Home */ = {
			isa = PBXGroup;
			children = (
				43480AB4287C759800E09BE2 /* Cell */,
				43831D38287C31680024D16C /* HomeModel.swift */,
				43831D32287C31140024D16C /* HomeViewController.swift */,
				43831D33287C31140024D16C /* HomeViewController.xib */,
				43831D36287C314F0024D16C /* HomeViewModel.swift */,
			);
			path = Home;
			sourceTree = "<group>";
		};
		43831D3A287C31890024D16C /* DI */ = {
			isa = PBXGroup;
			children = (
				43831D3B287C318E0024D16C /* Scenes */,
			);
			path = DI;
			sourceTree = "<group>";
		};
		43831D3B287C318E0024D16C /* Scenes */ = {
			isa = PBXGroup;
			children = (
				43831D3C287C319C0024D16C /* HomeAssembly.swift */,
			);
			path = Scenes;
			sourceTree = "<group>";
		};
/* End PBXGroup section */

/* Begin PBXNativeTarget section */
		43831CF9287C2F4C0024D16C /* Nous */ = {
			isa = PBXNativeTarget;
			buildConfigurationList = 43831D24287C2F500024D16C /* Build configuration list for PBXNativeTarget "Nous" */;
			buildPhases = (
				43831CF6287C2F4C0024D16C /* Sources */,
				43831CF7287C2F4C0024D16C /* Frameworks */,
				43831CF8287C2F4C0024D16C /* Resources */,
			);
			buildRules = (
			);
			dependencies = (
			);
			name = Nous;
			productName = Nous;
			productReference = 43831CFA287C2F4C0024D16C /* Nous.app */;
			productType = "com.apple.product-type.application";
		};
		43831D0F287C2F500024D16C /* NousTests */ = {
			isa = PBXNativeTarget;
			buildConfigurationList = 43831D27287C2F500024D16C /* Build configuration list for PBXNativeTarget "NousTests" */;
			buildPhases = (
				43831D0C287C2F500024D16C /* Sources */,
				43831D0D287C2F500024D16C /* Frameworks */,
				43831D0E287C2F500024D16C /* Resources */,
			);
			buildRules = (
			);
			dependencies = (
				43831D12287C2F500024D16C /* PBXTargetDependency */,
			);
			name = NousTests;
			productName = NousTests;
			productReference = 43831D10287C2F500024D16C /* NousTests.xctest */;
			productType = "com.apple.product-type.bundle.unit-test";
		};
		43831D19287C2F500024D16C /* NousUITests */ = {
			isa = PBXNativeTarget;
			buildConfigurationList = 43831D2A287C2F500024D16C /* Build configuration list for PBXNativeTarget "NousUITests" */;
			buildPhases = (
				43831D16287C2F500024D16C /* Sources */,
				43831D17287C2F500024D16C /* Frameworks */,
				43831D18287C2F500024D16C /* Resources */,
			);
			buildRules = (
			);
			dependencies = (
				43831D1C287C2F500024D16C /* PBXTargetDependency */,
			);
			name = NousUITests;
			productName = NousUITests;
			productReference = 43831D1A287C2F500024D16C /* NousUITests.xctest */;
			productType = "com.apple.product-type.bundle.ui-testing";
		};
/* End PBXNativeTarget section */

/* Begin PBXProject section */
		43831CF2287C2F4C0024D16C /* Project object */ = {
			isa = PBXProject;
			attributes = {
				BuildIndependentTargetsInParallel = 1;
				LastSwiftUpdateCheck = 1340;
				LastUpgradeCheck = 1340;
				ORGANIZATIONNAME = MEMTARHAN;
				TargetAttributes = {
					43831CF9287C2F4C0024D16C = {
						CreatedOnToolsVersion = 13.4.1;
					};
					43831D0F287C2F500024D16C = {
						CreatedOnToolsVersion = 13.4.1;
						TestTargetID = 43831CF9287C2F4C0024D16C;
					};
					43831D19287C2F500024D16C = {
						CreatedOnToolsVersion = 13.4.1;
						TestTargetID = 43831CF9287C2F4C0024D16C;
					};
				};
			};
			buildConfigurationList = 43831CF5287C2F4C0024D16C /* Build configuration list for PBXProject "Nous" */;
			compatibilityVersion = "Xcode 13.0";
			developmentRegion = en;
			hasScannedForEncodings = 0;
			knownRegions = (
				en,
				Base,
			);
			mainGroup = 43831CF1287C2F4C0024D16C;
			productRefGroup = 43831CFB287C2F4C0024D16C /* Products */;
			projectDirPath = "";
			projectRoot = "";
			targets = (
				43831CF9287C2F4C0024D16C /* Nous */,
				43831D0F287C2F500024D16C /* NousTests */,
				43831D19287C2F500024D16C /* NousUITests */,
			);
		};
/* End PBXProject section */

/* Begin PBXResourcesBuildPhase section */
		43831CF8287C2F4C0024D16C /* Resources */ = {
			isa = PBXResourcesBuildPhase;
			buildActionMask = 2147483647;
			files = (
				43831D0A287C2F4F0024D16C /* LaunchScreen.storyboard in Resources */,
				43831D07287C2F4F0024D16C /* Assets.xcassets in Resources */,
				43480AB8287C75B300E09BE2 /* FeedTableViewCell.xib in Resources */,
				43831D35287C31140024D16C /* HomeViewController.xib in Resources */,
			);
			runOnlyForDeploymentPostprocessing = 0;
		};
		43831D0E287C2F500024D16C /* Resources */ = {
			isa = PBXResourcesBuildPhase;
			buildActionMask = 2147483647;
			files = (
			);
			runOnlyForDeploymentPostprocessing = 0;
		};
		43831D18287C2F500024D16C /* Resources */ = {
			isa = PBXResourcesBuildPhase;
			buildActionMask = 2147483647;
			files = (
			);
			runOnlyForDeploymentPostprocessing = 0;
		};
/* End PBXResourcesBuildPhase section */

/* Begin PBXSourcesBuildPhase section */
		43831CF6287C2F4C0024D16C /* Sources */ = {
			isa = PBXSourcesBuildPhase;
			buildActionMask = 2147483647;
			files = (
				43831D34287C31140024D16C /* HomeViewController.swift in Sources */,
				43480AAF287C37C300E09BE2 /* HTTPError.swift in Sources */,
				43831D37287C314F0024D16C /* HomeViewModel.swift in Sources */,
				43480AAA287C369E00E09BE2 /* FeedsService.swift in Sources */,
				43831D30287C30B90024D16C /* Nibbable.swift in Sources */,
				43831D39287C31680024D16C /* HomeModel.swift in Sources */,
				43480AB7287C75B300E09BE2 /* FeedTableViewCell.swift in Sources */,
				43831CFE287C2F4C0024D16C /* AppDelegate.swift in Sources */,
				43480AAD287C36F800E09BE2 /* FeedResponse.swift in Sources */,
				43831D3D287C319C0024D16C /* HomeAssembly.swift in Sources */,
				43480AA8287C35A800E09BE2 /* APICallable.swift in Sources */,
				43831D00287C2F4C0024D16C /* SceneDelegate.swift in Sources */,
			);
			runOnlyForDeploymentPostprocessing = 0;
		};
		43831D0C287C2F500024D16C /* Sources */ = {
			isa = PBXSourcesBuildPhase;
			buildActionMask = 2147483647;
			files = (
				43480AB3287C3C0700E09BE2 /* HomeTests.swift in Sources */,
				43480AB1287C37ED00E09BE2 /* APITests.swift in Sources */,
			);
			runOnlyForDeploymentPostprocessing = 0;
		};
		43831D16287C2F500024D16C /* Sources */ = {
			isa = PBXSourcesBuildPhase;
			buildActionMask = 2147483647;
			files = (
				43831D1F287C2F500024D16C /* NousUITests.swift in Sources */,
				43831D21287C2F500024D16C /* NousUITestsLaunchTests.swift in Sources */,
			);
			runOnlyForDeploymentPostprocessing = 0;
		};
/* End PBXSourcesBuildPhase section */

/* Begin PBXTargetDependency section */
		43831D12287C2F500024D16C /* PBXTargetDependency */ = {
			isa = PBXTargetDependency;
			target = 43831CF9287C2F4C0024D16C /* Nous */;
			targetProxy = 43831D11287C2F500024D16C /* PBXContainerItemProxy */;
		};
		43831D1C287C2F500024D16C /* PBXTargetDependency */ = {
			isa = PBXTargetDependency;
			target = 43831CF9287C2F4C0024D16C /* Nous */;
			targetProxy = 43831D1B287C2F500024D16C /* PBXContainerItemProxy */;
		};
/* End PBXTargetDependency section */

/* Begin PBXVariantGroup section */
		43831D08287C2F4F0024D16C /* LaunchScreen.storyboard */ = {
			isa = PBXVariantGroup;
			children = (
				43831D09287C2F4F0024D16C /* Base */,
			);
			name = LaunchScreen.storyboard;
			sourceTree = "<group>";
		};
/* End PBXVariantGroup section */

/* Begin XCBuildConfiguration section */
		43831D22287C2F500024D16C /* Debug */ = {
			isa = XCBuildConfiguration;
			buildSettings = {
				ALWAYS_SEARCH_USER_PATHS = NO;
				CLANG_ANALYZER_NONNULL = YES;
				CLANG_ANALYZER_NUMBER_OBJECT_CONVERSION = YES_AGGRESSIVE;
				CLANG_CXX_LANGUAGE_STANDARD = "gnu++17";
				CLANG_ENABLE_MODULES = YES;
				CLANG_ENABLE_OBJC_ARC = YES;
				CLANG_ENABLE_OBJC_WEAK = YES;
				CLANG_WARN_BLOCK_CAPTURE_AUTORELEASING = YES;
				CLANG_WARN_BOOL_CONVERSION = YES;
				CLANG_WARN_COMMA = YES;
				CLANG_WARN_CONSTANT_CONVERSION = YES;
				CLANG_WARN_DEPRECATED_OBJC_IMPLEMENTATIONS = YES;
				CLANG_WARN_DIRECT_OBJC_ISA_USAGE = YES_ERROR;
				CLANG_WARN_DOCUMENTATION_COMMENTS = YES;
				CLANG_WARN_EMPTY_BODY = YES;
				CLANG_WARN_ENUM_CONVERSION = YES;
				CLANG_WARN_INFINITE_RECURSION = YES;
				CLANG_WARN_INT_CONVERSION = YES;
				CLANG_WARN_NON_LITERAL_NULL_CONVERSION = YES;
				CLANG_WARN_OBJC_IMPLICIT_RETAIN_SELF = YES;
				CLANG_WARN_OBJC_LITERAL_CONVERSION = YES;
				CLANG_WARN_OBJC_ROOT_CLASS = YES_ERROR;
				CLANG_WARN_QUOTED_INCLUDE_IN_FRAMEWORK_HEADER = YES;
				CLANG_WARN_RANGE_LOOP_ANALYSIS = YES;
				CLANG_WARN_STRICT_PROTOTYPES = YES;
				CLANG_WARN_SUSPICIOUS_MOVE = YES;
				CLANG_WARN_UNGUARDED_AVAILABILITY = YES_AGGRESSIVE;
				CLANG_WARN_UNREACHABLE_CODE = YES;
				CLANG_WARN__DUPLICATE_METHOD_MATCH = YES;
				COPY_PHASE_STRIP = NO;
				DEBUG_INFORMATION_FORMAT = dwarf;
				ENABLE_STRICT_OBJC_MSGSEND = YES;
				ENABLE_TESTABILITY = YES;
				GCC_C_LANGUAGE_STANDARD = gnu11;
				GCC_DYNAMIC_NO_PIC = NO;
				GCC_NO_COMMON_BLOCKS = YES;
				GCC_OPTIMIZATION_LEVEL = 0;
				GCC_PREPROCESSOR_DEFINITIONS = (
					"DEBUG=1",
					"$(inherited)",
				);
				GCC_WARN_64_TO_32_BIT_CONVERSION = YES;
				GCC_WARN_ABOUT_RETURN_TYPE = YES_ERROR;
				GCC_WARN_UNDECLARED_SELECTOR = YES;
				GCC_WARN_UNINITIALIZED_AUTOS = YES_AGGRESSIVE;
				GCC_WARN_UNUSED_FUNCTION = YES;
				GCC_WARN_UNUSED_VARIABLE = YES;
				IPHONEOS_DEPLOYMENT_TARGET = 15.5;
				MTL_ENABLE_DEBUG_INFO = INCLUDE_SOURCE;
				MTL_FAST_MATH = YES;
				ONLY_ACTIVE_ARCH = YES;
				SDKROOT = iphoneos;
				SWIFT_ACTIVE_COMPILATION_CONDITIONS = DEBUG;
				SWIFT_OPTIMIZATION_LEVEL = "-Onone";
			};
			name = Debug;
		};
		43831D23287C2F500024D16C /* Release */ = {
			isa = XCBuildConfiguration;
			buildSettings = {
				ALWAYS_SEARCH_USER_PATHS = NO;
				CLANG_ANALYZER_NONNULL = YES;
				CLANG_ANALYZER_NUMBER_OBJECT_CONVERSION = YES_AGGRESSIVE;
				CLANG_CXX_LANGUAGE_STANDARD = "gnu++17";
				CLANG_ENABLE_MODULES = YES;
				CLANG_ENABLE_OBJC_ARC = YES;
				CLANG_ENABLE_OBJC_WEAK = YES;
				CLANG_WARN_BLOCK_CAPTURE_AUTORELEASING = YES;
				CLANG_WARN_BOOL_CONVERSION = YES;
				CLANG_WARN_COMMA = YES;
				CLANG_WARN_CONSTANT_CONVERSION = YES;
				CLANG_WARN_DEPRECATED_OBJC_IMPLEMENTATIONS = YES;
				CLANG_WARN_DIRECT_OBJC_ISA_USAGE = YES_ERROR;
				CLANG_WARN_DOCUMENTATION_COMMENTS = YES;
				CLANG_WARN_EMPTY_BODY = YES;
				CLANG_WARN_ENUM_CONVERSION = YES;
				CLANG_WARN_INFINITE_RECURSION = YES;
				CLANG_WARN_INT_CONVERSION = YES;
				CLANG_WARN_NON_LITERAL_NULL_CONVERSION = YES;
				CLANG_WARN_OBJC_IMPLICIT_RETAIN_SELF = YES;
				CLANG_WARN_OBJC_LITERAL_CONVERSION = YES;
				CLANG_WARN_OBJC_ROOT_CLASS = YES_ERROR;
				CLANG_WARN_QUOTED_INCLUDE_IN_FRAMEWORK_HEADER = YES;
				CLANG_WARN_RANGE_LOOP_ANALYSIS = YES;
				CLANG_WARN_STRICT_PROTOTYPES = YES;
				CLANG_WARN_SUSPICIOUS_MOVE = YES;
				CLANG_WARN_UNGUARDED_AVAILABILITY = YES_AGGRESSIVE;
				CLANG_WARN_UNREACHABLE_CODE = YES;
				CLANG_WARN__DUPLICATE_METHOD_MATCH = YES;
				COPY_PHASE_STRIP = NO;
				DEBUG_INFORMATION_FORMAT = "dwarf-with-dsym";
				ENABLE_NS_ASSERTIONS = NO;
				ENABLE_STRICT_OBJC_MSGSEND = YES;
				GCC_C_LANGUAGE_STANDARD = gnu11;
				GCC_NO_COMMON_BLOCKS = YES;
				GCC_WARN_64_TO_32_BIT_CONVERSION = YES;
				GCC_WARN_ABOUT_RETURN_TYPE = YES_ERROR;
				GCC_WARN_UNDECLARED_SELECTOR = YES;
				GCC_WARN_UNINITIALIZED_AUTOS = YES_AGGRESSIVE;
				GCC_WARN_UNUSED_FUNCTION = YES;
				GCC_WARN_UNUSED_VARIABLE = YES;
				IPHONEOS_DEPLOYMENT_TARGET = 15.5;
				MTL_ENABLE_DEBUG_INFO = NO;
				MTL_FAST_MATH = YES;
				SDKROOT = iphoneos;
				SWIFT_COMPILATION_MODE = wholemodule;
				SWIFT_OPTIMIZATION_LEVEL = "-O";
				VALIDATE_PRODUCT = YES;
			};
			name = Release;
		};
		43831D25287C2F500024D16C /* Debug */ = {
			isa = XCBuildConfiguration;
			buildSettings = {
				ASSETCATALOG_COMPILER_APPICON_NAME = AppIcon;
				ASSETCATALOG_COMPILER_GLOBAL_ACCENT_COLOR_NAME = AccentColor;
				CODE_SIGN_STYLE = Automatic;
				CURRENT_PROJECT_VERSION = 1;
				DEVELOPMENT_TEAM = 2L9L899V66;
				GENERATE_INFOPLIST_FILE = YES;
				INFOPLIST_FILE = Nous/Info.plist;
				INFOPLIST_KEY_UIApplicationSupportsIndirectInputEvents = YES;
				INFOPLIST_KEY_UILaunchStoryboardName = LaunchScreen;
				INFOPLIST_KEY_UIMainStoryboardFile = "";
				INFOPLIST_KEY_UISupportedInterfaceOrientations = UIInterfaceOrientationPortrait;
				INFOPLIST_KEY_UISupportedInterfaceOrientations_iPad = "UIInterfaceOrientationPortrait UIInterfaceOrientationPortraitUpsideDown UIInterfaceOrientationLandscapeLeft UIInterfaceOrientationLandscapeRight";
				INFOPLIST_KEY_UISupportedInterfaceOrientations_iPhone = "UIInterfaceOrientationPortrait UIInterfaceOrientationLandscapeLeft UIInterfaceOrientationLandscapeRight";
				LD_RUNPATH_SEARCH_PATHS = (
					"$(inherited)",
					"@executable_path/Frameworks",
				);
				MARKETING_VERSION = 1.0;
				PRODUCT_BUNDLE_IDENTIFIER = com.memetarhan.Nous;
				PRODUCT_NAME = "$(TARGET_NAME)";
				SWIFT_EMIT_LOC_STRINGS = YES;
				SWIFT_VERSION = 5.0;
				TARGETED_DEVICE_FAMILY = 1;
			};
			name = Debug;
		};
		43831D26287C2F500024D16C /* Release */ = {
			isa = XCBuildConfiguration;
			buildSettings = {
				ASSETCATALOG_COMPILER_APPICON_NAME = AppIcon;
				ASSETCATALOG_COMPILER_GLOBAL_ACCENT_COLOR_NAME = AccentColor;
				CODE_SIGN_STYLE = Automatic;
				CURRENT_PROJECT_VERSION = 1;
				DEVELOPMENT_TEAM = 2L9L899V66;
				GENERATE_INFOPLIST_FILE = YES;
				INFOPLIST_FILE = Nous/Info.plist;
				INFOPLIST_KEY_UIApplicationSupportsIndirectInputEvents = YES;
				INFOPLIST_KEY_UILaunchStoryboardName = LaunchScreen;
				INFOPLIST_KEY_UIMainStoryboardFile = "";
				INFOPLIST_KEY_UISupportedInterfaceOrientations = UIInterfaceOrientationPortrait;
				INFOPLIST_KEY_UISupportedInterfaceOrientations_iPad = "UIInterfaceOrientationPortrait UIInterfaceOrientationPortraitUpsideDown UIInterfaceOrientationLandscapeLeft UIInterfaceOrientationLandscapeRight";
				INFOPLIST_KEY_UISupportedInterfaceOrientations_iPhone = "UIInterfaceOrientationPortrait UIInterfaceOrientationLandscapeLeft UIInterfaceOrientationLandscapeRight";
				LD_RUNPATH_SEARCH_PATHS = (
					"$(inherited)",
					"@executable_path/Frameworks",
				);
				MARKETING_VERSION = 1.0;
				PRODUCT_BUNDLE_IDENTIFIER = com.memetarhan.Nous;
				PRODUCT_NAME = "$(TARGET_NAME)";
				SWIFT_EMIT_LOC_STRINGS = YES;
				SWIFT_VERSION = 5.0;
				TARGETED_DEVICE_FAMILY = 1;
			};
			name = Release;
		};
		43831D28287C2F500024D16C /* Debug */ = {
			isa = XCBuildConfiguration;
			buildSettings = {
				ALWAYS_EMBED_SWIFT_STANDARD_LIBRARIES = YES;
				BUNDLE_LOADER = "$(TEST_HOST)";
				CODE_SIGN_STYLE = Automatic;
				CURRENT_PROJECT_VERSION = 1;
				DEVELOPMENT_TEAM = 2L9L899V66;
				GENERATE_INFOPLIST_FILE = YES;
				IPHONEOS_DEPLOYMENT_TARGET = 15.5;
				MARKETING_VERSION = 1.0;
				PRODUCT_BUNDLE_IDENTIFIER = com.memetarhan.NousTests;
				PRODUCT_NAME = "$(TARGET_NAME)";
				SWIFT_EMIT_LOC_STRINGS = NO;
				SWIFT_VERSION = 5.0;
				TARGETED_DEVICE_FAMILY = "1,2";
				TEST_HOST = "$(BUILT_PRODUCTS_DIR)/Nous.app/Nous";
			};
			name = Debug;
		};
		43831D29287C2F500024D16C /* Release */ = {
			isa = XCBuildConfiguration;
			buildSettings = {
				ALWAYS_EMBED_SWIFT_STANDARD_LIBRARIES = YES;
				BUNDLE_LOADER = "$(TEST_HOST)";
				CODE_SIGN_STYLE = Automatic;
				CURRENT_PROJECT_VERSION = 1;
				DEVELOPMENT_TEAM = 2L9L899V66;
				GENERATE_INFOPLIST_FILE = YES;
				IPHONEOS_DEPLOYMENT_TARGET = 15.5;
				MARKETING_VERSION = 1.0;
				PRODUCT_BUNDLE_IDENTIFIER = com.memetarhan.NousTests;
				PRODUCT_NAME = "$(TARGET_NAME)";
				SWIFT_EMIT_LOC_STRINGS = NO;
				SWIFT_VERSION = 5.0;
				TARGETED_DEVICE_FAMILY = "1,2";
				TEST_HOST = "$(BUILT_PRODUCTS_DIR)/Nous.app/Nous";
			};
			name = Release;
		};
		43831D2B287C2F500024D16C /* Debug */ = {
			isa = XCBuildConfiguration;
			buildSettings = {
				ALWAYS_EMBED_SWIFT_STANDARD_LIBRARIES = YES;
				CODE_SIGN_STYLE = Automatic;
				CURRENT_PROJECT_VERSION = 1;
				DEVELOPMENT_TEAM = 2L9L899V66;
				GENERATE_INFOPLIST_FILE = YES;
				MARKETING_VERSION = 1.0;
				PRODUCT_BUNDLE_IDENTIFIER = com.memetarhan.NousUITests;
				PRODUCT_NAME = "$(TARGET_NAME)";
				SWIFT_EMIT_LOC_STRINGS = NO;
				SWIFT_VERSION = 5.0;
				TARGETED_DEVICE_FAMILY = "1,2";
				TEST_TARGET_NAME = Nous;
			};
			name = Debug;
		};
		43831D2C287C2F500024D16C /* Release */ = {
			isa = XCBuildConfiguration;
			buildSettings = {
				ALWAYS_EMBED_SWIFT_STANDARD_LIBRARIES = YES;
				CODE_SIGN_STYLE = Automatic;
				CURRENT_PROJECT_VERSION = 1;
				DEVELOPMENT_TEAM = 2L9L899V66;
				GENERATE_INFOPLIST_FILE = YES;
				MARKETING_VERSION = 1.0;
				PRODUCT_BUNDLE_IDENTIFIER = com.memetarhan.NousUITests;
				PRODUCT_NAME = "$(TARGET_NAME)";
				SWIFT_EMIT_LOC_STRINGS = NO;
				SWIFT_VERSION = 5.0;
				TARGETED_DEVICE_FAMILY = "1,2";
				TEST_TARGET_NAME = Nous;
			};
			name = Release;
		};
/* End XCBuildConfiguration section */

/* Begin XCConfigurationList section */
		43831CF5287C2F4C0024D16C /* Build configuration list for PBXProject "Nous" */ = {
			isa = XCConfigurationList;
			buildConfigurations = (
				43831D22287C2F500024D16C /* Debug */,
				43831D23287C2F500024D16C /* Release */,
			);
			defaultConfigurationIsVisible = 0;
			defaultConfigurationName = Release;
		};
		43831D24287C2F500024D16C /* Build configuration list for PBXNativeTarget "Nous" */ = {
			isa = XCConfigurationList;
			buildConfigurations = (
				43831D25287C2F500024D16C /* Debug */,
				43831D26287C2F500024D16C /* Release */,
			);
			defaultConfigurationIsVisible = 0;
			defaultConfigurationName = Release;
		};
		43831D27287C2F500024D16C /* Build configuration list for PBXNativeTarget "NousTests" */ = {
			isa = XCConfigurationList;
			buildConfigurations = (
				43831D28287C2F500024D16C /* Debug */,
				43831D29287C2F500024D16C /* Release */,
			);
			defaultConfigurationIsVisible = 0;
			defaultConfigurationName = Release;
		};
		43831D2A287C2F500024D16C /* Build configuration list for PBXNativeTarget "NousUITests" */ = {
			isa = XCConfigurationList;
			buildConfigurations = (
				43831D2B287C2F500024D16C /* Debug */,
				43831D2C287C2F500024D16C /* Release */,
			);
			defaultConfigurationIsVisible = 0;
			defaultConfigurationName = Release;
		};
/* End XCConfigurationList section */
	};
	rootObject = 43831CF2287C2F4C0024D16C /* Project object */;
}
